
Microsoft Visual Studio Solution File, Format Version 12.00
# Visual Studio Version 17
VisualStudioVersion = 17.14.36202.13
MinimumVisualStudioVersion = 10.0.40219.1
Project("{FAE04EC0-301F-11D3-BF4B-00C04F79EFBC}") = "DataAccess", "DataAccess\DataAccess.csproj", "{81923DFA-87FF-412F-9E55-15905CBE14A0}"
EndProject
Project("{FAE04EC0-301F-11D3-BF4B-00C04F79EFBC}") = "WebAPI", "WebAPI\WebAPI.csproj", "{8D6B33C5-CEE1-20B5-A207-99CBB61F699C}"
EndProject
Project("{FAE04EC0-301F-11D3-BF4B-00C04F79EFBC}") = "Models", "Models\Models.csproj", "{E4696AC7-11B3-410B-B269-2EF85D59F13D}"
EndProject
Project("{FAE04EC0-301F-11D3-BF4B-00C04F79EFBC}") = "Repositories", "Repositories\Repositories.csproj", "{6EB04AA3-5280-4A1E-9DCE-7DABB9C10BB6}"
EndProject
Project("{FAE04EC0-301F-11D3-BF4B-00C04F79EFBC}") = "Services", "Services\Services.csproj", "{80ABF601-E5DD-4CE6-9C02-F0B08373E7AA}"
EndProject
Global
	GlobalSection(SolutionConfigurationPlatforms) = preSolution
		Debug|Any CPU = Debug|Any CPU
		Release|Any CPU = Release|Any CPU
	EndGlobalSection
	GlobalSection(ProjectConfigurationPlatforms) = postSolution
		{81923DFA-87FF-412F-9E55-15905CBE14A0}.Debug|Any CPU.ActiveCfg = Debug|Any CPU
		{81923DFA-87FF-412F-9E55-15905CBE14A0}.Debug|Any CPU.Build.0 = Debug|Any CPU
		{81923DFA-87FF-412F-9E55-15905CBE14A0}.Release|Any CPU.ActiveCfg = Release|Any CPU
		{81923DFA-87FF-412F-9E55-15905CBE14A0}.Release|Any CPU.Build.0 = Release|Any CPU
		{8D6B33C5-CEE1-20B5-A207-99CBB61F699C}.Debug|Any CPU.ActiveCfg = Debug|Any CPU
		{8D6B33C5-CEE1-20B5-A207-99CBB61F699C}.Debug|Any CPU.Build.0 = Debug|Any CPU
		{8D6B33C5-CEE1-20B5-A207-99CBB61F699C}.Release|Any CPU.ActiveCfg = Release|Any CPU
		{8D6B33C5-CEE1-20B5-A207-99CBB61F699C}.Release|Any CPU.Build.0 = Release|Any CPU
		{E4696AC7-11B3-410B-B269-2EF85D59F13D}.Debug|Any CPU.ActiveCfg = Debug|Any CPU
		{E4696AC7-11B3-410B-B269-2EF85D59F13D}.Debug|Any CPU.Build.0 = Debug|Any CPU
		{E4696AC7-11B3-410B-B269-2EF85D59F13D}.Release|Any CPU.ActiveCfg = Release|Any CPU
		{E4696AC7-11B3-410B-B269-2EF85D59F13D}.Release|Any CPU.Build.0 = Release|Any CPU
		{6EB04AA3-5280-4A1E-9DCE-7DABB9C10BB6}.Debug|Any CPU.ActiveCfg = Debug|Any CPU
		{6EB04AA3-5280-4A1E-9DCE-7DABB9C10BB6}.Debug|Any CPU.Build.0 = Debug|Any CPU
		{6EB04AA3-5280-4A1E-9DCE-7DABB9C10BB6}.Release|Any CPU.ActiveCfg = Release|Any CPU
		{6EB04AA3-5280-4A1E-9DCE-7DABB9C10BB6}.Release|Any CPU.Build.0 = Release|Any CPU
		{80ABF601-E5DD-4CE6-9C02-F0B08373E7AA}.Debug|Any CPU.ActiveCfg = Debug|Any CPU
		{80ABF601-E5DD-4CE6-9C02-F0B08373E7AA}.Debug|Any CPU.Build.0 = Debug|Any CPU
		{80ABF601-E5DD-4CE6-9C02-F0B08373E7AA}.Release|Any CPU.ActiveCfg = Release|Any CPU
		{80ABF601-E5DD-4CE6-9C02-F0B08373E7AA}.Release|Any CPU.Build.0 = Release|Any CPU
	EndGlobalSection
	GlobalSection(SolutionProperties) = preSolution
		HideSolutionNode = FALSE
	EndGlobalSection
	GlobalSection(ExtensibilityGlobals) = postSolution
		SolutionGuid = {B66A14FC-DCC9-4204-8562-D1398C77FC12}
	EndGlobalSection
EndGlobal
